<?xml version="1.0" encoding="utf-8"?>
<Project ToolsVersion="4.0" xmlns="http://schemas.microsoft.com/developer/msbuild/2003">
  <ItemGroup>
    <Filter Include="Source Files">
      <UniqueIdentifier>{4FC737F1-C7A5-4376-A066-2A32D752A2FF}</UniqueIdentifier>
      <Extensions>cpp;c;cc;cxx;c++;cppm;ixx;def;odl;idl;hpj;bat;asm;asmx</Extensions>
    </Filter>
    <Filter Include="Header Files">
      <UniqueIdentifier>{93995380-89BD-4b04-88EB-625FBE52EBFB}</UniqueIdentifier>
      <Extensions>h;hh;hpp;hxx;h++;hm;inl;inc;ipp;xsd</Extensions>
    </Filter>
    <Filter Include="Resource Files">
      <UniqueIdentifier>{67DA6AB6-F800-4c08-8B7A-83BB121AAD01}</UniqueIdentifier>
      <Extensions>rc;ico;cur;bmp;dlg;rc2;rct;bin;rgs;gif;jpg;jpeg;jpe;resx;tiff;tif;png;wav;mfcribbon-ms</Extensions>
    </Filter>
    <Filter Include="Header Files\imgui">
      <UniqueIdentifier>{0abdcafa-4272-4ed5-8148-387085496156}</UniqueIdentifier>
    </Filter>
    <Filter Include="Source Files\imgui">
      <UniqueIdentifier>{635b5fe8-575b-4c89-8b58-7e73b3cfa521}</UniqueIdentifier>
    </Filter>
    <Filter Include="Header Files\script">
      <UniqueIdentifier>{098a4cfa-6bd0-479e-9281-f4830b800a8d}</UniqueIdentifier>
    </Filter>
    <Filter Include="Source Files\script">
      <UniqueIdentifier>{fe65e196-f489-4f2e-bc95-2dc1b440ea0f}</UniqueIdentifier>
    </Filter>
    <Filter Include="Source Files\nfd">
      <UniqueIdentifier>{edd0c9d7-6e2e-4ad9-ad41-4808f6952554}</UniqueIdentifier>
    </Filter>
  </ItemGroup>
  <ItemGroup>
    <ClCompile Include="main.cpp">
      <Filter>Source Files</Filter>
    </ClCompile>
    <ClCompile Include="IMGUI\imgui.cpp">
      <Filter>Source Files\imgui</Filter>
    </ClCompile>
    <ClCompile Include="IMGUI\imgui_draw.cpp">
      <Filter>Source Files\imgui</Filter>
    </ClCompile>
    <ClCompile Include="IMGUI\imgui_tables.cpp">
      <Filter>Source Files\imgui</Filter>
    </ClCompile>
    <ClCompile Include="IMGUI\imgui_widgets.cpp">
      <Filter>Source Files\imgui</Filter>
    </ClCompile>
    <ClCompile Include="IMGUI\imgui-SFML.cpp">
      <Filter>Source Files\imgui</Filter>
    </ClCompile>
    <ClCompile Include="EngineSettings.cpp">
      <Filter>Source Files</Filter>
    </ClCompile>
    <ClCompile Include="Inspector.cpp">
      <Filter>Source Files</Filter>
    </ClCompile>
    <ClCompile Include="Editor.cpp">
      <Filter>Source Files</Filter>
    </ClCompile>
    <ClCompile Include="Console.cpp">
      <Filter>Source Files</Filter>
    </ClCompile>
    <ClCompile Include="Files.cpp">
      <Filter>Source Files</Filter>
    </ClCompile>
    <ClCompile Include="Hierarchy.cpp">
      <Filter>Source Files</Filter>
    </ClCompile>
    <ClCompile Include="Display.cpp">
      <Filter>Source Files</Filter>
    </ClCompile>
    <ClCompile Include="Assets\MainScripts\Components.cpp">
      <Filter>Source Files\script</Filter>
    </ClCompile>
    <ClCompile Include="Assets\MainScripts\Entity.cpp">
      <Filter>Source Files\script</Filter>
    </ClCompile>
    <ClCompile Include="Assets\MainScripts\EntityManager.cpp">
      <Filter>Source Files\script</Filter>
    </ClCompile>
    <ClCompile Include="Assets\MainScripts\Vec2.cpp">
      <Filter>Source Files\script</Filter>
    </ClCompile>
    <ClCompile Include="Assets\MainScripts\Animation.cpp">
      <Filter>Source Files\script</Filter>
    </ClCompile>
    <ClCompile Include="Assets\MainScripts\LightSource.cpp">
      <Filter>Source Files\script</Filter>
    </ClCompile>
    <ClCompile Include="Assets\MainScripts\lineSegment.cpp">
      <Filter>Source Files\script</Filter>
    </ClCompile>
    <ClCompile Include="Assets\MainScripts\ParticleSystem.cpp">
      <Filter>Source Files\script</Filter>
    </ClCompile>
    <ClCompile Include="Assets\MainScripts\SpartialGrid.cpp">
      <Filter>Source Files\script</Filter>
    </ClCompile>
    <ClCompile Include="Assets\MainScripts\Physics.cpp">
      <Filter>Source Files\script</Filter>
    </ClCompile>
    <ClCompile Include="RenderModifier.cpp">
      <Filter>Source Files</Filter>
    </ClCompile>
    <ClCompile Include="NFD\nfd_win.cpp">
      <Filter>Source Files\nfd</Filter>
    </ClCompile>
    <ClCompile Include="NFD\nfd_common.c">
      <Filter>Source Files\nfd</Filter>
    </ClCompile>
  </ItemGroup>
  <ItemGroup>
    <ClInclude Include="IMGUI\imconfig.h">
      <Filter>Header Files\imgui</Filter>
    </ClInclude>
    <ClInclude Include="IMGUI\imconfig-SFML.h">
      <Filter>Header Files\imgui</Filter>
    </ClInclude>
    <ClInclude Include="IMGUI\imgui.h">
      <Filter>Header Files\imgui</Filter>
    </ClInclude>
    <ClInclude Include="IMGUI\imgui_internal.h">
      <Filter>Header Files\imgui</Filter>
    </ClInclude>
    <ClInclude Include="IMGUI\imgui-SFML.h">
      <Filter>Header Files\imgui</Filter>
    </ClInclude>
    <ClInclude Include="IMGUI\imgui-SFML_export.h">
      <Filter>Header Files\imgui</Filter>
    </ClInclude>
    <ClInclude Include="IMGUI\imstb_rectpack.h">
      <Filter>Header Files\imgui</Filter>
    </ClInclude>
    <ClInclude Include="IMGUI\imstb_textedit.h">
      <Filter>Header Files\imgui</Filter>
    </ClInclude>
    <ClInclude Include="IMGUI\imstb_truetype.h">
      <Filter>Header Files\imgui</Filter>
    </ClInclude>
    <ClInclude Include="Editor.h">
      <Filter>Header Files</Filter>
    </ClInclude>
    <ClInclude Include="EngineSettings.h">
      <Filter>Header Files</Filter>
    </ClInclude>
    <ClInclude Include="AbstractEngineTab.hpp">
      <Filter>Header Files</Filter>
    </ClInclude>
    <ClInclude Include="Inspector.h">
      <Filter>Header Files</Filter>
    </ClInclude>
    <ClInclude Include="Console.h">
      <Filter>Header Files</Filter>
    </ClInclude>
    <ClInclude Include="Files.h">
      <Filter>Header Files</Filter>
    </ClInclude>
    <ClInclude Include="Hierarchy.h">
      <Filter>Header Files</Filter>
    </ClInclude>
    <ClInclude Include="Display.h">
      <Filter>Header Files</Filter>
    </ClInclude>
    <ClInclude Include="Assets\MainScripts\Components.h">
      <Filter>Header Files\script</Filter>
    </ClInclude>
    <ClInclude Include="Assets\MainScripts\Entity.h">
      <Filter>Header Files\script</Filter>
    </ClInclude>
    <ClInclude Include="Assets\MainScripts\EntityManager.h">
      <Filter>Header Files\script</Filter>
    </ClInclude>
    <ClInclude Include="Assets\MainScripts\Vec2.h">
      <Filter>Header Files\script</Filter>
    </ClInclude>
    <ClInclude Include="Assets\MainScripts\Animation.h">
      <Filter>Header Files\script</Filter>
    </ClInclude>
    <ClInclude Include="Assets\MainScripts\LightSource.h">
      <Filter>Header Files\script</Filter>
    </ClInclude>
    <ClInclude Include="Assets\MainScripts\lineSegment.h">
      <Filter>Header Files\script</Filter>
    </ClInclude>
    <ClInclude Include="Assets\MainScripts\ParticleSystem.h">
      <Filter>Header Files\script</Filter>
    </ClInclude>
    <ClInclude Include="Assets\MainScripts\SpartialGrid.h">
      <Filter>Header Files\script</Filter>
    </ClInclude>
    <ClInclude Include="Assets\MainScripts\Physics.h">
      <Filter>Header Files\script</Filter>
    </ClInclude>
    <ClInclude Include="RenderModifier.h">
      <Filter>Header Files</Filter>
    </ClInclude>
  </ItemGroup>
</Project>